
Microsoft Visual Studio Solution File, Format Version 12.00
# Visual Studio Version 16
VisualStudioVersion = 16.0.30011.22
MinimumVisualStudioVersion = 10.0.40219.1
Project("{FAE04EC0-301F-11D3-BF4B-00C04F79EFBC}") = "Ejercicio_serializacion", "Ejercicio_serializacion\Ejercicio_serializacion.csproj", "{43A63BA7-ED2E-427D-8566-A1B3AC03E024}"
EndProject
Global
	GlobalSection(SolutionConfigurationPlatforms) = preSolution
		Debug|Any CPU = Debug|Any CPU
		Release|Any CPU = Release|Any CPU
	EndGlobalSection
	GlobalSection(ProjectConfigurationPlatforms) = postSolution
		{43A63BA7-ED2E-427D-8566-A1B3AC03E024}.Debug|Any CPU.ActiveCfg = Debug|Any CPU
		{43A63BA7-ED2E-427D-8566-A1B3AC03E024}.Debug|Any CPU.Build.0 = Debug|Any CPU
		{43A63BA7-ED2E-427D-8566-A1B3AC03E024}.Release|Any CPU.ActiveCfg = Release|Any CPU
		{43A63BA7-ED2E-427D-8566-A1B3AC03E024}.Release|Any CPU.Build.0 = Release|Any CPU
	EndGlobalSection
	GlobalSection(SolutionProperties) = preSolution
		HideSolutionNode = FALSE
	EndGlobalSection
	GlobalSection(ExtensibilityGlobals) = postSolution
		SolutionGuid = {B9D70DBC-A75F-44B2-9854-0114A5C2CEF3}
	EndGlobalSection
EndGlobal
